// !$*UTF8*$!
{
	archiveVersion = 1;
	classes = {};
	objectVersion = 56;
	objects = {

/* Begin PBXBuildFile section */
		A10000000000000000000001 /* AIService.swift in Sources */ = {isa = PBXBuildFile; fileRef = A20000000000000000000001 /* AIService.swift */; };
		A10000000000000000000002 /* AppDelegate.swift in Sources */ = {isa = PBXBuildFile; fileRef = A20000000000000000000002 /* AppDelegate.swift */; };
		A10000000000000000000003 /* ContentView.swift in Sources */ = {isa = PBXBuildFile; fileRef = A20000000000000000000003 /* ContentView.swift */; };
		A10000000000000000000004 /* FlickApp.swift in Sources */ = {isa = PBXBuildFile; fileRef = A20000000000000000000004 /* FlickApp.swift */; };
		A10000000000000000000005 /* FloatingPanelController.swift in Sources */ = {isa = PBXBuildFile; fileRef = A20000000000000000000005 /* FloatingPanelController.swift */; };
		A10000000000000000000006 /* GlobalHotkeyManager.swift in Sources */ = {isa = PBXBuildFile; fileRef = A20000000000000000000006 /* GlobalHotkeyManager.swift */; };
		A10000000000000000000007 /* KeychainHelper.swift in Sources */ = {isa = PBXBuildFile; fileRef = A20000000000000000000007 /* KeychainHelper.swift */; };
		A10000000000000000000008 /* PresetPromptView.swift in Sources */ = {isa = PBXBuildFile; fileRef = A20000000000000000000008 /* PresetPromptView.swift */; };
		A10000000000000000000009 /* SelectionReader.swift in Sources */ = {isa = PBXBuildFile; fileRef = A20000000000000000000009 /* SelectionReader.swift */; };
		A1000000000000000000000A /* SettingsManager.swift in Sources */ = {isa = PBXBuildFile; fileRef = A2000000000000000000000A /* SettingsManager.swift */; };
		A1000000000000000000000B /* SettingsView.swift in Sources */ = {isa = PBXBuildFile; fileRef = A2000000000000000000000B /* SettingsView.swift */; };
		A1000000000000000000000C /* Assets.xcassets in Resources */ = {isa = PBXBuildFile; fileRef = A2000000000000000000000C /* Assets.xcassets */; };
		A10000000000000000000010 /* AudioRecorder.swift in Sources */ = {isa = PBXBuildFile; fileRef = A20000000000000000000010 /* AudioRecorder.swift */; };
		A10000000000000000000011 /* TranscriptionService.swift in Sources */ = {isa = PBXBuildFile; fileRef = A20000000000000000000011 /* TranscriptionService.swift */; };
		A10000000000000000000012 /* TextInjector.swift in Sources */ = {isa = PBXBuildFile; fileRef = A20000000000000000000012 /* TextInjector.swift */; };
		A10000000000000000000013 /* VoiceStatusOverlay.swift in Sources */ = {isa = PBXBuildFile; fileRef = A20000000000000000000013 /* VoiceStatusOverlay.swift */; };
		A10000000000000000000014 /* VoiceDictationCoordinator.swift in Sources */ = {isa = PBXBuildFile; fileRef = A20000000000000000000014 /* VoiceDictationCoordinator.swift */; };
/* End PBXBuildFile section */

/* Begin PBXFileReference section */
		A20000000000000000000001 /* AIService.swift */ = {isa = PBXFileReference; lastKnownFileType = sourcecode.swift; path = AIService.swift; sourceTree = "<group>"; };
		A20000000000000000000002 /* AppDelegate.swift */ = {isa = PBXFileReference; lastKnownFileType = sourcecode.swift; path = AppDelegate.swift; sourceTree = "<group>"; };
		A20000000000000000000003 /* ContentView.swift */ = {isa = PBXFileReference; lastKnownFileType = sourcecode.swift; path = ContentView.swift; sourceTree = "<group>"; };
		A20000000000000000000004 /* FlickApp.swift */ = {isa = PBXFileReference; lastKnownFileType = sourcecode.swift; path = FlickApp.swift; sourceTree = "<group>"; };
		A20000000000000000000005 /* FloatingPanelController.swift */ = {isa = PBXFileReference; lastKnownFileType = sourcecode.swift; path = FloatingPanelController.swift; sourceTree = "<group>"; };
		A20000000000000000000006 /* GlobalHotkeyManager.swift */ = {isa = PBXFileReference; lastKnownFileType = sourcecode.swift; path = GlobalHotkeyManager.swift; sourceTree = "<group>"; };
		A20000000000000000000007 /* KeychainHelper.swift */ = {isa = PBXFileReference; lastKnownFileType = sourcecode.swift; path = KeychainHelper.swift; sourceTree = "<group>"; };
		A20000000000000000000008 /* PresetPromptView.swift */ = {isa = PBXFileReference; lastKnownFileType = sourcecode.swift; path = PresetPromptView.swift; sourceTree = "<group>"; };
		A20000000000000000000009 /* SelectionReader.swift */ = {isa = PBXFileReference; lastKnownFileType = sourcecode.swift; path = SelectionReader.swift; sourceTree = "<group>"; };
		A2000000000000000000000A /* SettingsManager.swift */ = {isa = PBXFileReference; lastKnownFileType = sourcecode.swift; path = SettingsManager.swift; sourceTree = "<group>"; };
		A2000000000000000000000B /* SettingsView.swift */ = {isa = PBXFileReference; lastKnownFileType = sourcecode.swift; path = SettingsView.swift; sourceTree = "<group>"; };
		A2000000000000000000000C /* Assets.xcassets */ = {isa = PBXFileReference; lastKnownFileType = folder.assetcatalog; path = Assets.xcassets; sourceTree = "<group>"; };
		A2000000000000000000000D /* Info.plist */ = {isa = PBXFileReference; lastKnownFileType = text.plist.xml; path = Info.plist; sourceTree = "<group>"; };
		A2000000000000000000000E /* Flick.entitlements */ = {isa = PBXFileReference; lastKnownFileType = text.plist.entitlements; path = Flick.entitlements; sourceTree = "<group>"; };
		A2000000000000000000000F /* Flick.app */ = {isa = PBXFileReference; explicitFileType = wrapper.application; includeInIndex = 0; path = Flick.app; sourceTree = BUILT_PRODUCTS_DIR; };
		A20000000000000000000010 /* AudioRecorder.swift */ = {isa = PBXFileReference; lastKnownFileType = sourcecode.swift; path = AudioRecorder.swift; sourceTree = "<group>"; };
		A20000000000000000000011 /* TranscriptionService.swift */ = {isa = PBXFileReference; lastKnownFileType = sourcecode.swift; path = TranscriptionService.swift; sourceTree = "<group>"; };
		A20000000000000000000012 /* TextInjector.swift */ = {isa = PBXFileReference; lastKnownFileType = sourcecode.swift; path = TextInjector.swift; sourceTree = "<group>"; };
		A20000000000000000000013 /* VoiceStatusOverlay.swift */ = {isa = PBXFileReference; lastKnownFileType = sourcecode.swift; path = VoiceStatusOverlay.swift; sourceTree = "<group>"; };
		A20000000000000000000014 /* VoiceDictationCoordinator.swift */ = {isa = PBXFileReference; lastKnownFileType = sourcecode.swift; path = VoiceDictationCoordinator.swift; sourceTree = "<group>"; };
/* End PBXFileReference section */

/* Begin PBXFrameworksBuildPhase section */
		A30000000000000000000001 /* Frameworks */ = {isa = PBXFrameworksBuildPhase; buildActionMask = 2147483647; files = (); runOnlyForDeploymentPostprocessing = 0; };
/* End PBXFrameworksBuildPhase section */

/* Begin PBXGroup section */
		A40000000000000000000001 = {isa = PBXGroup; children = (A40000000000000000000002 /* Flick */, A40000000000000000000003 /* Products */); sourceTree = "<group>"; };
		A40000000000000000000002 /* Flick */ = {isa = PBXGroup; children = (A20000000000000000000001, A20000000000000000000002, A20000000000000000000003, A20000000000000000000004, A20000000000000000000005, A20000000000000000000006, A20000000000000000000007, A20000000000000000000008, A20000000000000000000009, A2000000000000000000000A, A2000000000000000000000B, A40000000000000000000004 /* VoiceDictation */, A2000000000000000000000C, A2000000000000000000000D, A2000000000000000000000E); path = Flick; sourceTree = "<group>"; };
		A40000000000000000000003 /* Products */ = {isa = PBXGroup; children = (A2000000000000000000000F /* Flick.app */); name = Products; sourceTree = "<group>"; };
		A40000000000000000000004 /* VoiceDictation */ = {isa = PBXGroup; children = (A20000000000000000000010, A20000000000000000000011, A20000000000000000000012, A20000000000000000000013, A20000000000000000000014); path = VoiceDictation; sourceTree = "<group>"; };
/* End PBXGroup section */

/* Begin PBXNativeTarget section */
		A50000000000000000000001 /* Flick */ = {isa = PBXNativeTarget; buildConfigurationList = A90000000000000000000002 /* Build configuration list for PBXNativeTarget "Flick" */; buildPhases = (A60000000000000000000001 /* Sources */, A30000000000000000000001 /* Frameworks */, A70000000000000000000001 /* Resources */); buildRules = (); dependencies = (); name = Flick; productName = Flick; productReference = A2000000000000000000000F /* Flick.app */; productType = "com.apple.product-type.application"; };
/* End PBXNativeTarget section */

/* Begin PBXProject section */
		A80000000000000000000001 /* Project object */ = {isa = PBXProject; attributes = {BuildIndependentTargetsInParallel = 1; LastSwiftUpdateCheck = 2660; LastUpgradeCheck = 2660; TargetAttributes = {A50000000000000000000001 = {CreatedOnToolsVersion = 26.6; }; }; }; buildConfigurationList = A90000000000000000000001 /* Build configuration list for PBXProject "Flick" */; compatibilityVersion = "Xcode 14.0"; developmentRegion = en; hasScannedForEncodings = 0; knownRegions = (en, Base); mainGroup = A40000000000000000000001; productRefGroup = A40000000000000000000003 /* Products */; projectDirPath = ""; projectRoot = ""; targets = (A50000000000000000000001 /* Flick */); };
/* End PBXProject section */

/* Begin PBXResourcesBuildPhase section */
		A70000000000000000000001 /* Resources */ = {isa = PBXResourcesBuildPhase; buildActionMask = 2147483647; files = (A1000000000000000000000C /* Assets.xcassets in Resources */); runOnlyForDeploymentPostprocessing = 0; };
/* End PBXResourcesBuildPhase section */

/* Begin PBXSourcesBuildPhase section */
		A60000000000000000000001 /* Sources */ = {isa = PBXSourcesBuildPhase; buildActionMask = 2147483647; files = (A10000000000000000000001, A10000000000000000000002, A10000000000000000000003, A10000000000000000000004, A10000000000000000000005, A10000000000000000000006, A10000000000000000000007, A10000000000000000000008, A10000000000000000000009, A1000000000000000000000A, A1000000000000000000000B, A10000000000000000000010, A10000000000000000000011, A10000000000000000000012, A10000000000000000000013, A10000000000000000000014); runOnlyForDeploymentPostprocessing = 0; };
/* End PBXSourcesBuildPhase section */

/* Begin XCBuildConfiguration section */
		B10000000000000000000001 /* Debug */ = {isa = XCBuildConfiguration; buildSettings = {CLANG_ENABLE_MODULES = YES; MACOSX_DEPLOYMENT_TARGET = 15.0; SDKROOT = macosx; SWIFT_VERSION = 5.0; }; name = Debug; };
		B10000000000000000000002 /* Release */ = {isa = XCBuildConfiguration; buildSettings = {CLANG_ENABLE_MODULES = YES; MACOSX_DEPLOYMENT_TARGET = 15.0; SDKROOT = macosx; SWIFT_COMPILATION_MODE = wholemodule; SWIFT_OPTIMIZATION_LEVEL = "-O"; SWIFT_VERSION = 5.0; }; name = Release; };
		B10000000000000000000003 /* Debug */ = {isa = XCBuildConfiguration; buildSettings = {ASSETCATALOG_COMPILER_APPICON_NAME = AppIcon; ASSETCATALOG_COMPILER_GLOBAL_ACCENT_COLOR_NAME = AccentColor; CODE_SIGN_ENTITLEMENTS = Flick/Flick.entitlements; CODE_SIGN_STYLE = Automatic; CURRENT_PROJECT_VERSION = 1; ENABLE_HARDENED_RUNTIME = YES; GENERATE_INFOPLIST_FILE = NO; INFOPLIST_FILE = Flick/Info.plist; LD_RUNPATH_SEARCH_PATHS = "$(inherited) @executable_path/../Frameworks"; MARKETING_VERSION = 0.2; PRODUCT_BUNDLE_IDENTIFIER = com.hyx.ai-assistant; PRODUCT_NAME = "$(TARGET_NAME)"; SWIFT_EMIT_LOC_STRINGS = YES; }; name = Debug; };
		B10000000000000000000004 /* Release */ = {isa = XCBuildConfiguration; buildSettings = {ASSETCATALOG_COMPILER_APPICON_NAME = AppIcon; ASSETCATALOG_COMPILER_GLOBAL_ACCENT_COLOR_NAME = AccentColor; CODE_SIGN_ENTITLEMENTS = Flick/Flick.entitlements; CODE_SIGN_STYLE = Automatic; CURRENT_PROJECT_VERSION = 1; ENABLE_HARDENED_RUNTIME = YES; GENERATE_INFOPLIST_FILE = NO; INFOPLIST_FILE = Flick/Info.plist; LD_RUNPATH_SEARCH_PATHS = "$(inherited) @executable_path/../Frameworks"; MARKETING_VERSION = 0.2; PRODUCT_BUNDLE_IDENTIFIER = com.hyx.ai-assistant; PRODUCT_NAME = "$(TARGET_NAME)"; SWIFT_EMIT_LOC_STRINGS = YES; }; name = Release; };
/* End XCBuildConfiguration section */

/* Begin XCConfigurationList section */
		A90000000000000000000001 /* Build configuration list for PBXProject "Flick" */ = {isa = XCConfigurationList; buildConfigurations = (B10000000000000000000001, B10000000000000000000002); defaultConfigurationIsVisible = 0; defaultConfigurationName = Release; };
		A90000000000000000000002 /* Build configuration list for PBXNativeTarget "Flick" */ = {isa = XCConfigurationList; buildConfigurations = (B10000000000000000000003, B10000000000000000000004); defaultConfigurationIsVisible = 0; defaultConfigurationName = Release; };
/* End XCConfigurationList section */
	};
	rootObject = A80000000000000000000001 /* Project object */;
}
